// !$*UTF8*$!
{
	archiveVersion = 1;
	classes = {
	};
	objectVersion = 56;
	objects = {

/* Begin PBXBuildFile section */
		676B408229350FBE00E42FA0 /* FourneauApp.swift in Sources */ = {isa = PBXBuildFile; fileRef = 676B408129350FBE00E42FA0 /* FourneauApp.swift */; };
		676B408629350FBF00E42FA0 /* Assets.xcassets in Resources */ = {isa = PBXBuildFile; fileRef = 676B408529350FBF00E42FA0 /* Assets.xcassets */; };
		676B408929350FBF00E42FA0 /* Preview Assets.xcassets in Resources */ = {isa = PBXBuildFile; fileRef = 676B408829350FBF00E42FA0 /* Preview Assets.xcassets */; };
		676B409329350FBF00E42FA0 /* FourneauTests.swift in Sources */ = {isa = PBXBuildFile; fileRef = 676B409229350FBF00E42FA0 /* FourneauTests.swift */; };
		676B409D29350FBF00E42FA0 /* FourneauUITests.swift in Sources */ = {isa = PBXBuildFile; fileRef = 676B409C29350FBF00E42FA0 /* FourneauUITests.swift */; };
		676B409F29350FBF00E42FA0 /* FourneauUITestsLaunchTests.swift in Sources */ = {isa = PBXBuildFile; fileRef = 676B409E29350FBF00E42FA0 /* FourneauUITestsLaunchTests.swift */; };
		676B40AE2935115500E42FA0 /* BakingStepCard.swift in Sources */ = {isa = PBXBuildFile; fileRef = 676B40AD2935115500E42FA0 /* BakingStepCard.swift */; };
		676B40B0293511D300E42FA0 /* BakingStep.swift in Sources */ = {isa = PBXBuildFile; fileRef = 676B40AF293511D300E42FA0 /* BakingStep.swift */; };
		676B40B229351BD500E42FA0 /* BakingStepType.swift in Sources */ = {isa = PBXBuildFile; fileRef = 676B40B129351BD500E42FA0 /* BakingStepType.swift */; };
		676B40B429351EBB00E42FA0 /* BakingStepListView.swift in Sources */ = {isa = PBXBuildFile; fileRef = 676B40B329351EBB00E42FA0 /* BakingStepListView.swift */; };
		676B40B6293528AD00E42FA0 /* BreadRecipeMethod.swift in Sources */ = {isa = PBXBuildFile; fileRef = 676B40B5293528AC00E42FA0 /* BreadRecipeMethod.swift */; };
		676B40B829352FD200E42FA0 /* BreadRecipe.swift in Sources */ = {isa = PBXBuildFile; fileRef = 676B40B729352FD200E42FA0 /* BreadRecipe.swift */; };
		676B40BC2938FF7200E42FA0 /* SnapCarousel.swift in Sources */ = {isa = PBXBuildFile; fileRef = 676B40BB2938FF7200E42FA0 /* SnapCarousel.swift */; };
		676B40BE293E8DFE00E42FA0 /* TimeCard.swift in Sources */ = {isa = PBXBuildFile; fileRef = 676B40BD293E8DFE00E42FA0 /* TimeCard.swift */; };
		676B40C0293F9B6F00E42FA0 /* BakingMethodEditDetailView.swift in Sources */ = {isa = PBXBuildFile; fileRef = 676B40BF293F9B6F00E42FA0 /* BakingMethodEditDetailView.swift */; };
		676B40C2293F9DB300E42FA0 /* StepTypePicker.swift in Sources */ = {isa = PBXBuildFile; fileRef = 676B40C1293F9DB300E42FA0 /* StepTypePicker.swift */; };
		676B40C6293FBDE000E42FA0 /* EditStepView.swift in Sources */ = {isa = PBXBuildFile; fileRef = 676B40C5293FBDE000E42FA0 /* EditStepView.swift */; };
		676B40C82940E66F00E42FA0 /* BreadRecipeListView.swift in Sources */ = {isa = PBXBuildFile; fileRef = 676B40C72940E66F00E42FA0 /* BreadRecipeListView.swift */; };
		676B40CA2940E71F00E42FA0 /* RecipeRow.swift in Sources */ = {isa = PBXBuildFile; fileRef = 676B40C92940E71F00E42FA0 /* RecipeRow.swift */; };
		676B40CC2940F4ED00E42FA0 /* EditRecipeView.swift in Sources */ = {isa = PBXBuildFile; fileRef = 676B40CB2940F4ED00E42FA0 /* EditRecipeView.swift */; };
		676B40CE294100C500E42FA0 /* RecipeDetailView.swift in Sources */ = {isa = PBXBuildFile; fileRef = 676B40CD294100C500E42FA0 /* RecipeDetailView.swift */; };
		676B40D02941119000E42FA0 /* BindingExtension.swift in Sources */ = {isa = PBXBuildFile; fileRef = 676B40CF2941119000E42FA0 /* BindingExtension.swift */; };
		676B40D229423D8600E42FA0 /* BakingMethodListView.swift in Sources */ = {isa = PBXBuildFile; fileRef = 676B40D129423D8600E42FA0 /* BakingMethodListView.swift */; };
		676B40D42942714700E42FA0 /* BakingSummaryView.swift in Sources */ = {isa = PBXBuildFile; fileRef = 676B40D32942714700E42FA0 /* BakingSummaryView.swift */; };
		676B40D629427E4F00E42FA0 /* BakingStore.swift in Sources */ = {isa = PBXBuildFile; fileRef = 676B40D529427E4F00E42FA0 /* BakingStore.swift */; };
		676B40D829428C1A00E42FA0 /* CompletedRecipeTimer.swift in Sources */ = {isa = PBXBuildFile; fileRef = 676B40D729428C1A00E42FA0 /* CompletedRecipeTimer.swift */; };
		67704BD8296734000020783E /* TabViewHost.swift in Sources */ = {isa = PBXBuildFile; fileRef = 67704BD7296734000020783E /* TabViewHost.swift */; };
		67704BDA296737BF0020783E /* MethodRow.swift in Sources */ = {isa = PBXBuildFile; fileRef = 67704BD9296737BF0020783E /* MethodRow.swift */; };
		67704BDC2968A0DD0020783E /* RecipeDescription.swift in Sources */ = {isa = PBXBuildFile; fileRef = 67704BDB2968A0DD0020783E /* RecipeDescription.swift */; };
		6793CAA8294CC19100CB395F /* Color.swift in Sources */ = {isa = PBXBuildFile; fileRef = 6793CAA7294CC19100CB395F /* Color.swift */; };
		6793CAAA294CC58A00CB395F /* NavigationBarExtensions.swift in Sources */ = {isa = PBXBuildFile; fileRef = 6793CAA9294CC58A00CB395F /* NavigationBarExtensions.swift */; };
		6793CAAC294CE63700CB395F /* BakingMethodHostView.swift in Sources */ = {isa = PBXBuildFile; fileRef = 6793CAAB294CE63700CB395F /* BakingMethodHostView.swift */; };
		6793CAAE294CFFB600CB395F /* AppState.swift in Sources */ = {isa = PBXBuildFile; fileRef = 6793CAAD294CFFB600CB395F /* AppState.swift */; };
		6793CAB0294D0CFF00CB395F /* MinToString.swift in Sources */ = {isa = PBXBuildFile; fileRef = 6793CAAF294D0CFF00CB395F /* MinToString.swift */; };
		6793CAB22950F6A400CB395F /* RecipeCalculatorView.swift in Sources */ = {isa = PBXBuildFile; fileRef = 6793CAB12950F6A400CB395F /* RecipeCalculatorView.swift */; };
		6793CAB429522D9200CB395F /* ShopView.swift in Sources */ = {isa = PBXBuildFile; fileRef = 6793CAB329522D9200CB395F /* ShopView.swift */; };
		6793CABA29522ECB00CB395F /* ShopCard.swift in Sources */ = {isa = PBXBuildFile; fileRef = 6793CAB929522ECB00CB395F /* ShopCard.swift */; };
		6793CABC2952304700CB395F /* ShopItem.swift in Sources */ = {isa = PBXBuildFile; fileRef = 6793CABB2952304700CB395F /* ShopItem.swift */; };
		6793CABF2953571D00CB395F /* StepCardState.swift in Sources */ = {isa = PBXBuildFile; fileRef = 6793CABE2953571D00CB395F /* StepCardState.swift */; };
		6793CAC72965DFBB00CB395F /* HistoricalBake.swift in Sources */ = {isa = PBXBuildFile; fileRef = 6793CAC62965DFBB00CB395F /* HistoricalBake.swift */; };
		6793CACA2965E0C600CB395F /* HistoricalBakeList.swift in Sources */ = {isa = PBXBuildFile; fileRef = 6793CAC92965E0C600CB395F /* HistoricalBakeList.swift */; };
		6793CACC2965E50100CB395F /* HistoricalRow.swift in Sources */ = {isa = PBXBuildFile; fileRef = 6793CACB2965E50100CB395F /* HistoricalRow.swift */; };
		6793CACE2965EA4400CB395F /* HistoricalBakeHostView.swift in Sources */ = {isa = PBXBuildFile; fileRef = 6793CACD2965EA4400CB395F /* HistoricalBakeHostView.swift */; };
		67F32CFC294788090043A4FF /* LocalNotificationManager.swift in Sources */ = {isa = PBXBuildFile; fileRef = 67F32CFB294788090043A4FF /* LocalNotificationManager.swift */; };
		67F32CFE29478E680043A4FF /* AppDelegate.swift in Sources */ = {isa = PBXBuildFile; fileRef = 67F32CFD29478E680043A4FF /* AppDelegate.swift */; };
		67F32D002948945E0043A4FF /* EmptyActiveRecipe.swift in Sources */ = {isa = PBXBuildFile; fileRef = 67F32CFF2948945E0043A4FF /* EmptyActiveRecipe.swift */; };
/* End PBXBuildFile section */

/* Begin PBXContainerItemProxy section */
		676B408F29350FBF00E42FA0 /* PBXContainerItemProxy */ = {
			isa = PBXContainerItemProxy;
			containerPortal = 676B407629350FBE00E42FA0 /* Project object */;
			proxyType = 1;
			remoteGlobalIDString = 676B407D29350FBE00E42FA0;
			remoteInfo = Fourneau;
		};
		676B409929350FBF00E42FA0 /* PBXContainerItemProxy */ = {
			isa = PBXContainerItemProxy;
			containerPortal = 676B407629350FBE00E42FA0 /* Project object */;
			proxyType = 1;
			remoteGlobalIDString = 676B407D29350FBE00E42FA0;
			remoteInfo = Fourneau;
		};
/* End PBXContainerItemProxy section */

/* Begin PBXFileReference section */
		676B407E29350FBE00E42FA0 /* Fourneau.app */ = {isa = PBXFileReference; explicitFileType = wrapper.application; includeInIndex = 0; path = Fourneau.app; sourceTree = BUILT_PRODUCTS_DIR; };
		676B408129350FBE00E42FA0 /* FourneauApp.swift */ = {isa = PBXFileReference; lastKnownFileType = sourcecode.swift; path = FourneauApp.swift; sourceTree = "<group>"; };
		676B408529350FBF00E42FA0 /* Assets.xcassets */ = {isa = PBXFileReference; lastKnownFileType = folder.assetcatalog; path = Assets.xcassets; sourceTree = "<group>"; };
		676B408829350FBF00E42FA0 /* Preview Assets.xcassets */ = {isa = PBXFileReference; lastKnownFileType = folder.assetcatalog; path = "Preview Assets.xcassets"; sourceTree = "<group>"; };
		676B408E29350FBF00E42FA0 /* FourneauTests.xctest */ = {isa = PBXFileReference; explicitFileType = wrapper.cfbundle; includeInIndex = 0; path = FourneauTests.xctest; sourceTree = BUILT_PRODUCTS_DIR; };
		676B409229350FBF00E42FA0 /* FourneauTests.swift */ = {isa = PBXFileReference; lastKnownFileType = sourcecode.swift; path = FourneauTests.swift; sourceTree = "<group>"; };
		676B409829350FBF00E42FA0 /* FourneauUITests.xctest */ = {isa = PBXFileReference; explicitFileType = wrapper.cfbundle; includeInIndex = 0; path = FourneauUITests.xctest; sourceTree = BUILT_PRODUCTS_DIR; };
		676B409C29350FBF00E42FA0 /* FourneauUITests.swift */ = {isa = PBXFileReference; lastKnownFileType = sourcecode.swift; path = FourneauUITests.swift; sourceTree = "<group>"; };
		676B409E29350FBF00E42FA0 /* FourneauUITestsLaunchTests.swift */ = {isa = PBXFileReference; lastKnownFileType = sourcecode.swift; path = FourneauUITestsLaunchTests.swift; sourceTree = "<group>"; };
		676B40AD2935115500E42FA0 /* BakingStepCard.swift */ = {isa = PBXFileReference; lastKnownFileType = sourcecode.swift; path = BakingStepCard.swift; sourceTree = "<group>"; };
		676B40AF293511D300E42FA0 /* BakingStep.swift */ = {isa = PBXFileReference; lastKnownFileType = sourcecode.swift; path = BakingStep.swift; sourceTree = "<group>"; };
		676B40B129351BD500E42FA0 /* BakingStepType.swift */ = {isa = PBXFileReference; lastKnownFileType = sourcecode.swift; path = BakingStepType.swift; sourceTree = "<group>"; };
		676B40B329351EBB00E42FA0 /* BakingStepListView.swift */ = {isa = PBXFileReference; lastKnownFileType = sourcecode.swift; path = BakingStepListView.swift; sourceTree = "<group>"; };
		676B40B5293528AC00E42FA0 /* BreadRecipeMethod.swift */ = {isa = PBXFileReference; lastKnownFileType = sourcecode.swift; path = BreadRecipeMethod.swift; sourceTree = "<group>"; };
		676B40B729352FD200E42FA0 /* BreadRecipe.swift */ = {isa = PBXFileReference; lastKnownFileType = sourcecode.swift; path = BreadRecipe.swift; sourceTree = "<group>"; };
		676B40BB2938FF7200E42FA0 /* SnapCarousel.swift */ = {isa = PBXFileReference; lastKnownFileType = sourcecode.swift; path = SnapCarousel.swift; sourceTree = "<group>"; };
		676B40BD293E8DFE00E42FA0 /* TimeCard.swift */ = {isa = PBXFileReference; lastKnownFileType = sourcecode.swift; path = TimeCard.swift; sourceTree = "<group>"; };
		676B40BF293F9B6F00E42FA0 /* BakingMethodEditDetailView.swift */ = {isa = PBXFileReference; lastKnownFileType = sourcecode.swift; path = BakingMethodEditDetailView.swift; sourceTree = "<group>"; };
		676B40C1293F9DB300E42FA0 /* StepTypePicker.swift */ = {isa = PBXFileReference; lastKnownFileType = sourcecode.swift; path = StepTypePicker.swift; sourceTree = "<group>"; };
		676B40C5293FBDE000E42FA0 /* EditStepView.swift */ = {isa = PBXFileReference; lastKnownFileType = sourcecode.swift; path = EditStepView.swift; sourceTree = "<group>"; };
		676B40C72940E66F00E42FA0 /* BreadRecipeListView.swift */ = {isa = PBXFileReference; lastKnownFileType = sourcecode.swift; path = BreadRecipeListView.swift; sourceTree = "<group>"; };
		676B40C92940E71F00E42FA0 /* RecipeRow.swift */ = {isa = PBXFileReference; lastKnownFileType = sourcecode.swift; path = RecipeRow.swift; sourceTree = "<group>"; };
		676B40CB2940F4ED00E42FA0 /* EditRecipeView.swift */ = {isa = PBXFileReference; lastKnownFileType = sourcecode.swift; path = EditRecipeView.swift; sourceTree = "<group>"; };
		676B40CD294100C500E42FA0 /* RecipeDetailView.swift */ = {isa = PBXFileReference; lastKnownFileType = sourcecode.swift; path = RecipeDetailView.swift; sourceTree = "<group>"; };
		676B40CF2941119000E42FA0 /* BindingExtension.swift */ = {isa = PBXFileReference; lastKnownFileType = sourcecode.swift; path = BindingExtension.swift; sourceTree = "<group>"; };
		676B40D129423D8600E42FA0 /* BakingMethodListView.swift */ = {isa = PBXFileReference; lastKnownFileType = sourcecode.swift; path = BakingMethodListView.swift; sourceTree = "<group>"; };
		676B40D32942714700E42FA0 /* BakingSummaryView.swift */ = {isa = PBXFileReference; lastKnownFileType = sourcecode.swift; path = BakingSummaryView.swift; sourceTree = "<group>"; };
		676B40D529427E4F00E42FA0 /* BakingStore.swift */ = {isa = PBXFileReference; lastKnownFileType = sourcecode.swift; path = BakingStore.swift; sourceTree = "<group>"; };
		676B40D729428C1A00E42FA0 /* CompletedRecipeTimer.swift */ = {isa = PBXFileReference; lastKnownFileType = sourcecode.swift; path = CompletedRecipeTimer.swift; sourceTree = "<group>"; };
		67704BD7296734000020783E /* TabViewHost.swift */ = {isa = PBXFileReference; lastKnownFileType = sourcecode.swift; path = TabViewHost.swift; sourceTree = "<group>"; };
		67704BD9296737BF0020783E /* MethodRow.swift */ = {isa = PBXFileReference; lastKnownFileType = sourcecode.swift; path = MethodRow.swift; sourceTree = "<group>"; };
		67704BDB2968A0DD0020783E /* RecipeDescription.swift */ = {isa = PBXFileReference; lastKnownFileType = sourcecode.swift; path = RecipeDescription.swift; sourceTree = "<group>"; };
		6793CAA7294CC19100CB395F /* Color.swift */ = {isa = PBXFileReference; lastKnownFileType = sourcecode.swift; path = Color.swift; sourceTree = "<group>"; };
		6793CAA9294CC58A00CB395F /* NavigationBarExtensions.swift */ = {isa = PBXFileReference; lastKnownFileType = sourcecode.swift; path = NavigationBarExtensions.swift; sourceTree = "<group>"; };
		6793CAAB294CE63700CB395F /* BakingMethodHostView.swift */ = {isa = PBXFileReference; lastKnownFileType = sourcecode.swift; path = BakingMethodHostView.swift; sourceTree = "<group>"; };
		6793CAAD294CFFB600CB395F /* AppState.swift */ = {isa = PBXFileReference; lastKnownFileType = sourcecode.swift; path = AppState.swift; sourceTree = "<group>"; };
		6793CAAF294D0CFF00CB395F /* MinToString.swift */ = {isa = PBXFileReference; lastKnownFileType = sourcecode.swift; path = MinToString.swift; sourceTree = "<group>"; };
		6793CAB12950F6A400CB395F /* RecipeCalculatorView.swift */ = {isa = PBXFileReference; lastKnownFileType = sourcecode.swift; path = RecipeCalculatorView.swift; sourceTree = "<group>"; };
		6793CAB329522D9200CB395F /* ShopView.swift */ = {isa = PBXFileReference; lastKnownFileType = sourcecode.swift; path = ShopView.swift; sourceTree = "<group>"; };
		6793CAB929522ECB00CB395F /* ShopCard.swift */ = {isa = PBXFileReference; lastKnownFileType = sourcecode.swift; path = ShopCard.swift; sourceTree = "<group>"; };
		6793CABB2952304700CB395F /* ShopItem.swift */ = {isa = PBXFileReference; lastKnownFileType = sourcecode.swift; path = ShopItem.swift; sourceTree = "<group>"; };
		6793CABE2953571D00CB395F /* StepCardState.swift */ = {isa = PBXFileReference; lastKnownFileType = sourcecode.swift; path = StepCardState.swift; sourceTree = "<group>"; };
		6793CAC62965DFBB00CB395F /* HistoricalBake.swift */ = {isa = PBXFileReference; lastKnownFileType = sourcecode.swift; path = HistoricalBake.swift; sourceTree = "<group>"; };
		6793CAC92965E0C600CB395F /* HistoricalBakeList.swift */ = {isa = PBXFileReference; lastKnownFileType = sourcecode.swift; path = HistoricalBakeList.swift; sourceTree = "<group>"; };
		6793CACB2965E50100CB395F /* HistoricalRow.swift */ = {isa = PBXFileReference; lastKnownFileType = sourcecode.swift; path = HistoricalRow.swift; sourceTree = "<group>"; };
		6793CACD2965EA4400CB395F /* HistoricalBakeHostView.swift */ = {isa = PBXFileReference; lastKnownFileType = sourcecode.swift; path = HistoricalBakeHostView.swift; sourceTree = "<group>"; };
		67F32CFB294788090043A4FF /* LocalNotificationManager.swift */ = {isa = PBXFileReference; lastKnownFileType = sourcecode.swift; path = LocalNotificationManager.swift; sourceTree = "<group>"; };
		67F32CFD29478E680043A4FF /* AppDelegate.swift */ = {isa = PBXFileReference; lastKnownFileType = sourcecode.swift; path = AppDelegate.swift; sourceTree = "<group>"; };
		67F32CFF2948945E0043A4FF /* EmptyActiveRecipe.swift */ = {isa = PBXFileReference; lastKnownFileType = sourcecode.swift; path = EmptyActiveRecipe.swift; sourceTree = "<group>"; };
		67F32D76294A48E20043A4FF /* Info.plist */ = {isa = PBXFileReference; lastKnownFileType = text.plist; path = Info.plist; sourceTree = "<group>"; };
/* End PBXFileReference section */

/* Begin PBXFrameworksBuildPhase section */
		676B407B29350FBE00E42FA0 /* Frameworks */ = {
			isa = PBXFrameworksBuildPhase;
			buildActionMask = 2147483647;
			files = (
			);
			runOnlyForDeploymentPostprocessing = 0;
		};
		676B408B29350FBF00E42FA0 /* Frameworks */ = {
			isa = PBXFrameworksBuildPhase;
			buildActionMask = 2147483647;
			files = (
			);
			runOnlyForDeploymentPostprocessing = 0;
		};
		676B409529350FBF00E42FA0 /* Frameworks */ = {
			isa = PBXFrameworksBuildPhase;
			buildActionMask = 2147483647;
			files = (
			);
			runOnlyForDeploymentPostprocessing = 0;
		};
/* End PBXFrameworksBuildPhase section */

/* Begin PBXGroup section */
		676B407529350FBE00E42FA0 = {
			isa = PBXGroup;
			children = (
				676B408029350FBE00E42FA0 /* Fourneau */,
				676B409129350FBF00E42FA0 /* FourneauTests */,
				676B409B29350FBF00E42FA0 /* FourneauUITests */,
				676B407F29350FBE00E42FA0 /* Products */,
			);
			sourceTree = "<group>";
		};
		676B407F29350FBE00E42FA0 /* Products */ = {
			isa = PBXGroup;
			children = (
				676B407E29350FBE00E42FA0 /* Fourneau.app */,
				676B408E29350FBF00E42FA0 /* FourneauTests.xctest */,
				676B409829350FBF00E42FA0 /* FourneauUITests.xctest */,
			);
			name = Products;
			sourceTree = "<group>";
		};
		676B408029350FBE00E42FA0 /* Fourneau */ = {
			isa = PBXGroup;
			children = (
				67F32D76294A48E20043A4FF /* Info.plist */,
				676B40AC293510D200E42FA0 /* Views */,
				676B40AB293510C900E42FA0 /* Models */,
				676B408129350FBE00E42FA0 /* FourneauApp.swift */,
				676B408529350FBF00E42FA0 /* Assets.xcassets */,
				676B408729350FBF00E42FA0 /* Preview Content */,
			);
			path = Fourneau;
			sourceTree = "<group>";
		};
		676B408729350FBF00E42FA0 /* Preview Content */ = {
			isa = PBXGroup;
			children = (
				676B408829350FBF00E42FA0 /* Preview Assets.xcassets */,
			);
			path = "Preview Content";
			sourceTree = "<group>";
		};
		676B409129350FBF00E42FA0 /* FourneauTests */ = {
			isa = PBXGroup;
			children = (
				676B409229350FBF00E42FA0 /* FourneauTests.swift */,
			);
			path = FourneauTests;
			sourceTree = "<group>";
		};
		676B409B29350FBF00E42FA0 /* FourneauUITests */ = {
			isa = PBXGroup;
			children = (
				676B409C29350FBF00E42FA0 /* FourneauUITests.swift */,
				676B409E29350FBF00E42FA0 /* FourneauUITestsLaunchTests.swift */,
			);
			path = FourneauUITests;
			sourceTree = "<group>";
		};
		676B40AB293510C900E42FA0 /* Models */ = {
			isa = PBXGroup;
			children = (
				6793CABD29523A1A00CB395F /* Extensions */,
				676B40AF293511D300E42FA0 /* BakingStep.swift */,
				676B40B129351BD500E42FA0 /* BakingStepType.swift */,
				676B40B5293528AC00E42FA0 /* BreadRecipeMethod.swift */,
				676B40B729352FD200E42FA0 /* BreadRecipe.swift */,
				676B40D729428C1A00E42FA0 /* CompletedRecipeTimer.swift */,
				676B40D529427E4F00E42FA0 /* BakingStore.swift */,
				67F32CFB294788090043A4FF /* LocalNotificationManager.swift */,
				6793CAAD294CFFB600CB395F /* AppState.swift */,
				6793CABB2952304700CB395F /* ShopItem.swift */,
				6793CAC62965DFBB00CB395F /* HistoricalBake.swift */,
			);
			path = Models;
			sourceTree = "<group>";
		};
		676B40AC293510D200E42FA0 /* Views */ = {
			isa = PBXGroup;
			children = (
				6793CAC82965E0B100CB395F /* History */,
				6793CAB829522EB800CB395F /* Shop */,
				6793CAB729522E7700CB395F /* ActiveRecipe */,
				6793CAB629522E1A00CB395F /* Method */,
				6793CAB529522DEC00CB395F /* Recipe */,
				676B40D32942714700E42FA0 /* BakingSummaryView.swift */,
				6793CAB12950F6A400CB395F /* RecipeCalculatorView.swift */,
				67704BD7296734000020783E /* TabViewHost.swift */,
			);
			path = Views;
			sourceTree = "<group>";
		};
		6793CAB529522DEC00CB395F /* Recipe */ = {
			isa = PBXGroup;
			children = (
				676B40C92940E71F00E42FA0 /* RecipeRow.swift */,
				676B40C72940E66F00E42FA0 /* BreadRecipeListView.swift */,
				676B40CD294100C500E42FA0 /* RecipeDetailView.swift */,
				676B40CB2940F4ED00E42FA0 /* EditRecipeView.swift */,
				67704BDB2968A0DD0020783E /* RecipeDescription.swift */,
			);
			path = Recipe;
			sourceTree = "<group>";
		};
		6793CAB629522E1A00CB395F /* Method */ = {
			isa = PBXGroup;
			children = (
				676B40D129423D8600E42FA0 /* BakingMethodListView.swift */,
				6793CAAB294CE63700CB395F /* BakingMethodHostView.swift */,
				676B40BF293F9B6F00E42FA0 /* BakingMethodEditDetailView.swift */,
				676B40C5293FBDE000E42FA0 /* EditStepView.swift */,
				676B40C1293F9DB300E42FA0 /* StepTypePicker.swift */,
				67704BD9296737BF0020783E /* MethodRow.swift */,
			);
			path = Method;
			sourceTree = "<group>";
		};
		6793CAB729522E7700CB395F /* ActiveRecipe */ = {
			isa = PBXGroup;
			children = (
				67F32CFF2948945E0043A4FF /* EmptyActiveRecipe.swift */,
				676B40AD2935115500E42FA0 /* BakingStepCard.swift */,
				676B40BD293E8DFE00E42FA0 /* TimeCard.swift */,
				676B40BB2938FF7200E42FA0 /* SnapCarousel.swift */,
				676B40B329351EBB00E42FA0 /* BakingStepListView.swift */,
			);
			path = ActiveRecipe;
			sourceTree = "<group>";
		};
		6793CAB829522EB800CB395F /* Shop */ = {
			isa = PBXGroup;
			children = (
				6793CAB329522D9200CB395F /* ShopView.swift */,
				6793CAB929522ECB00CB395F /* ShopCard.swift */,
			);
			path = Shop;
			sourceTree = "<group>";
		};
		6793CABD29523A1A00CB395F /* Extensions */ = {
			isa = PBXGroup;
			children = (
				67F32CFD29478E680043A4FF /* AppDelegate.swift */,
				6793CAA7294CC19100CB395F /* Color.swift */,
				6793CAAF294D0CFF00CB395F /* MinToString.swift */,
				676B40CF2941119000E42FA0 /* BindingExtension.swift */,
				6793CAA9294CC58A00CB395F /* NavigationBarExtensions.swift */,
				6793CABE2953571D00CB395F /* StepCardState.swift */,
			);
			path = Extensions;
			sourceTree = "<group>";
		};
		6793CAC82965E0B100CB395F /* History */ = {
			isa = PBXGroup;
			children = (
				6793CAC92965E0C600CB395F /* HistoricalBakeList.swift */,
				6793CACB2965E50100CB395F /* HistoricalRow.swift */,
				6793CACD2965EA4400CB395F /* HistoricalBakeHostView.swift */,
			);
			path = History;
			sourceTree = "<group>";
		};
/* End PBXGroup section */

/* Begin PBXNativeTarget section */
		676B407D29350FBE00E42FA0 /* Fourneau */ = {
			isa = PBXNativeTarget;
			buildConfigurationList = 676B40A229350FBF00E42FA0 /* Build configuration list for PBXNativeTarget "Fourneau" */;
			buildPhases = (
				676B407A29350FBE00E42FA0 /* Sources */,
				676B407B29350FBE00E42FA0 /* Frameworks */,
				676B407C29350FBE00E42FA0 /* Resources */,
			);
			buildRules = (
			);
			dependencies = (
			);
			name = Fourneau;
			productName = Fourneau;
			productReference = 676B407E29350FBE00E42FA0 /* Fourneau.app */;
			productType = "com.apple.product-type.application";
		};
		676B408D29350FBF00E42FA0 /* FourneauTests */ = {
			isa = PBXNativeTarget;
			buildConfigurationList = 676B40A529350FBF00E42FA0 /* Build configuration list for PBXNativeTarget "FourneauTests" */;
			buildPhases = (
				676B408A29350FBF00E42FA0 /* Sources */,
				676B408B29350FBF00E42FA0 /* Frameworks */,
				676B408C29350FBF00E42FA0 /* Resources */,
			);
			buildRules = (
			);
			dependencies = (
				676B409029350FBF00E42FA0 /* PBXTargetDependency */,
			);
			name = FourneauTests;
			productName = FourneauTests;
			productReference = 676B408E29350FBF00E42FA0 /* FourneauTests.xctest */;
			productType = "com.apple.product-type.bundle.unit-test";
		};
		676B409729350FBF00E42FA0 /* FourneauUITests */ = {
			isa = PBXNativeTarget;
			buildConfigurationList = 676B40A829350FBF00E42FA0 /* Build configuration list for PBXNativeTarget "FourneauUITests" */;
			buildPhases = (
				676B409429350FBF00E42FA0 /* Sources */,
				676B409529350FBF00E42FA0 /* Frameworks */,
				676B409629350FBF00E42FA0 /* Resources */,
			);
			buildRules = (
			);
			dependencies = (
				676B409A29350FBF00E42FA0 /* PBXTargetDependency */,
			);
			name = FourneauUITests;
			productName = FourneauUITests;
			productReference = 676B409829350FBF00E42FA0 /* FourneauUITests.xctest */;
			productType = "com.apple.product-type.bundle.ui-testing";
		};
/* End PBXNativeTarget section */

/* Begin PBXProject section */
		676B407629350FBE00E42FA0 /* Project object */ = {
			isa = PBXProject;
			attributes = {
				BuildIndependentTargetsInParallel = 1;
				LastSwiftUpdateCheck = 1410;
				LastUpgradeCheck = 1410;
				TargetAttributes = {
					676B407D29350FBE00E42FA0 = {
						CreatedOnToolsVersion = 14.1;
					};
					676B408D29350FBF00E42FA0 = {
						CreatedOnToolsVersion = 14.1;
						TestTargetID = 676B407D29350FBE00E42FA0;
					};
					676B409729350FBF00E42FA0 = {
						CreatedOnToolsVersion = 14.1;
						TestTargetID = 676B407D29350FBE00E42FA0;
					};
				};
			};
			buildConfigurationList = 676B407929350FBE00E42FA0 /* Build configuration list for PBXProject "Fourneau" */;
			compatibilityVersion = "Xcode 14.0";
			developmentRegion = en;
			hasScannedForEncodings = 0;
			knownRegions = (
				en,
				Base,
			);
			mainGroup = 676B407529350FBE00E42FA0;
			productRefGroup = 676B407F29350FBE00E42FA0 /* Products */;
			projectDirPath = "";
			projectRoot = "";
			targets = (
				676B407D29350FBE00E42FA0 /* Fourneau */,
				676B408D29350FBF00E42FA0 /* FourneauTests */,
				676B409729350FBF00E42FA0 /* FourneauUITests */,
			);
		};
/* End PBXProject section */

/* Begin PBXResourcesBuildPhase section */
		676B407C29350FBE00E42FA0 /* Resources */ = {
			isa = PBXResourcesBuildPhase;
			buildActionMask = 2147483647;
			files = (
				676B408929350FBF00E42FA0 /* Preview Assets.xcassets in Resources */,
				676B408629350FBF00E42FA0 /* Assets.xcassets in Resources */,
			);
			runOnlyForDeploymentPostprocessing = 0;
		};
		676B408C29350FBF00E42FA0 /* Resources */ = {
			isa = PBXResourcesBuildPhase;
			buildActionMask = 2147483647;
			files = (
			);
			runOnlyForDeploymentPostprocessing = 0;
		};
		676B409629350FBF00E42FA0 /* Resources */ = {
			isa = PBXResourcesBuildPhase;
			buildActionMask = 2147483647;
			files = (
			);
			runOnlyForDeploymentPostprocessing = 0;
		};
/* End PBXResourcesBuildPhase section */

/* Begin PBXSourcesBuildPhase section */
		676B407A29350FBE00E42FA0 /* Sources */ = {
			isa = PBXSourcesBuildPhase;
			buildActionMask = 2147483647;
			files = (
				67F32CFE29478E680043A4FF /* AppDelegate.swift in Sources */,
				676B40BC2938FF7200E42FA0 /* SnapCarousel.swift in Sources */,
				676B40D229423D8600E42FA0 /* BakingMethodListView.swift in Sources */,
				67704BDA296737BF0020783E /* MethodRow.swift in Sources */,
				67F32CFC294788090043A4FF /* LocalNotificationManager.swift in Sources */,
				676B40C0293F9B6F00E42FA0 /* BakingMethodEditDetailView.swift in Sources */,
				676B40AE2935115500E42FA0 /* BakingStepCard.swift in Sources */,
				676B40B229351BD500E42FA0 /* BakingStepType.swift in Sources */,
				6793CAC72965DFBB00CB395F /* HistoricalBake.swift in Sources */,
				676B40D629427E4F00E42FA0 /* BakingStore.swift in Sources */,
				676B408229350FBE00E42FA0 /* FourneauApp.swift in Sources */,
				6793CABF2953571D00CB395F /* StepCardState.swift in Sources */,
				676B40B0293511D300E42FA0 /* BakingStep.swift in Sources */,
				676B40D42942714700E42FA0 /* BakingSummaryView.swift in Sources */,
				6793CAB0294D0CFF00CB395F /* MinToString.swift in Sources */,
				676B40B829352FD200E42FA0 /* BreadRecipe.swift in Sources */,
				676B40C2293F9DB300E42FA0 /* StepTypePicker.swift in Sources */,
				676B40D829428C1A00E42FA0 /* CompletedRecipeTimer.swift in Sources */,
				676B40CC2940F4ED00E42FA0 /* EditRecipeView.swift in Sources */,
				676B40B6293528AD00E42FA0 /* BreadRecipeMethod.swift in Sources */,
				676B40BE293E8DFE00E42FA0 /* TimeCard.swift in Sources */,
				67F32D002948945E0043A4FF /* EmptyActiveRecipe.swift in Sources */,
				6793CAA8294CC19100CB395F /* Color.swift in Sources */,
				67704BDC2968A0DD0020783E /* RecipeDescription.swift in Sources */,
				6793CAAC294CE63700CB395F /* BakingMethodHostView.swift in Sources */,
				676B40C82940E66F00E42FA0 /* BreadRecipeListView.swift in Sources */,
				6793CACC2965E50100CB395F /* HistoricalRow.swift in Sources */,
				6793CAB22950F6A400CB395F /* RecipeCalculatorView.swift in Sources */,
				676B40C6293FBDE000E42FA0 /* EditStepView.swift in Sources */,
				6793CACE2965EA4400CB395F /* HistoricalBakeHostView.swift in Sources */,
				67704BD8296734000020783E /* TabViewHost.swift in Sources */,
				676B40B429351EBB00E42FA0 /* BakingStepListView.swift in Sources */,
				6793CAB429522D9200CB395F /* ShopView.swift in Sources */,
				6793CACA2965E0C600CB395F /* HistoricalBakeList.swift in Sources */,
				6793CAAE294CFFB600CB395F /* AppState.swift in Sources */,
				676B40D02941119000E42FA0 /* BindingExtension.swift in Sources */,
				6793CAAA294CC58A00CB395F /* NavigationBarExtensions.swift in Sources */,
				6793CABA29522ECB00CB395F /* ShopCard.swift in Sources */,
				676B40CA2940E71F00E42FA0 /* RecipeRow.swift in Sources */,
				676B40CE294100C500E42FA0 /* RecipeDetailView.swift in Sources */,
				6793CABC2952304700CB395F /* ShopItem.swift in Sources */,
			);
			runOnlyForDeploymentPostprocessing = 0;
		};
		676B408A29350FBF00E42FA0 /* Sources */ = {
			isa = PBXSourcesBuildPhase;
			buildActionMask = 2147483647;
			files = (
				676B409329350FBF00E42FA0 /* FourneauTests.swift in Sources */,
			);
			runOnlyForDeploymentPostprocessing = 0;
		};
		676B409429350FBF00E42FA0 /* Sources */ = {
			isa = PBXSourcesBuildPhase;
			buildActionMask = 2147483647;
			files = (
				676B409F29350FBF00E42FA0 /* FourneauUITestsLaunchTests.swift in Sources */,
				676B409D29350FBF00E42FA0 /* FourneauUITests.swift in Sources */,
			);
			runOnlyForDeploymentPostprocessing = 0;
		};
/* End PBXSourcesBuildPhase section */

/* Begin PBXTargetDependency section */
		676B409029350FBF00E42FA0 /* PBXTargetDependency */ = {
			isa = PBXTargetDependency;
			target = 676B407D29350FBE00E42FA0 /* Fourneau */;
			targetProxy = 676B408F29350FBF00E42FA0 /* PBXContainerItemProxy */;
		};
		676B409A29350FBF00E42FA0 /* PBXTargetDependency */ = {
			isa = PBXTargetDependency;
			target = 676B407D29350FBE00E42FA0 /* Fourneau */;
			targetProxy = 676B409929350FBF00E42FA0 /* PBXContainerItemProxy */;
		};
/* End PBXTargetDependency section */

/* Begin XCBuildConfiguration section */
		676B40A029350FBF00E42FA0 /* Debug */ = {
			isa = XCBuildConfiguration;
			buildSettings = {
				ALWAYS_SEARCH_USER_PATHS = NO;
				CLANG_ANALYZER_NONNULL = YES;
				CLANG_ANALYZER_NUMBER_OBJECT_CONVERSION = YES_AGGRESSIVE;
				CLANG_CXX_LANGUAGE_STANDARD = "gnu++20";
				CLANG_ENABLE_MODULES = YES;
				CLANG_ENABLE_OBJC_ARC = YES;
				CLANG_ENABLE_OBJC_WEAK = YES;
				CLANG_WARN_BLOCK_CAPTURE_AUTORELEASING = YES;
				CLANG_WARN_BOOL_CONVERSION = YES;
				CLANG_WARN_COMMA = YES;
				CLANG_WARN_CONSTANT_CONVERSION = YES;
				CLANG_WARN_DEPRECATED_OBJC_IMPLEMENTATIONS = YES;
				CLANG_WARN_DIRECT_OBJC_ISA_USAGE = YES_ERROR;
				CLANG_WARN_DOCUMENTATION_COMMENTS = YES;
				CLANG_WARN_EMPTY_BODY = YES;
				CLANG_WARN_ENUM_CONVERSION = YES;
				CLANG_WARN_INFINITE_RECURSION = YES;
				CLANG_WARN_INT_CONVERSION = YES;
				CLANG_WARN_NON_LITERAL_NULL_CONVERSION = YES;
				CLANG_WARN_OBJC_IMPLICIT_RETAIN_SELF = YES;
				CLANG_WARN_OBJC_LITERAL_CONVERSION = YES;
				CLANG_WARN_OBJC_ROOT_CLASS = YES_ERROR;
				CLANG_WARN_QUOTED_INCLUDE_IN_FRAMEWORK_HEADER = YES;
				CLANG_WARN_RANGE_LOOP_ANALYSIS = YES;
				CLANG_WARN_STRICT_PROTOTYPES = YES;
				CLANG_WARN_SUSPICIOUS_MOVE = YES;
				CLANG_WARN_UNGUARDED_AVAILABILITY = YES_AGGRESSIVE;
				CLANG_WARN_UNREACHABLE_CODE = YES;
				CLANG_WARN__DUPLICATE_METHOD_MATCH = YES;
				COPY_PHASE_STRIP = NO;
				DEBUG_INFORMATION_FORMAT = dwarf;
				ENABLE_STRICT_OBJC_MSGSEND = YES;
				ENABLE_TESTABILITY = YES;
				GCC_C_LANGUAGE_STANDARD = gnu11;
				GCC_DYNAMIC_NO_PIC = NO;
				GCC_NO_COMMON_BLOCKS = YES;
				GCC_OPTIMIZATION_LEVEL = 0;
				GCC_PREPROCESSOR_DEFINITIONS = (
					"DEBUG=1",
					"$(inherited)",
				);
				GCC_WARN_64_TO_32_BIT_CONVERSION = YES;
				GCC_WARN_ABOUT_RETURN_TYPE = YES_ERROR;
				GCC_WARN_UNDECLARED_SELECTOR = YES;
				GCC_WARN_UNINITIALIZED_AUTOS = YES_AGGRESSIVE;
				GCC_WARN_UNUSED_FUNCTION = YES;
				GCC_WARN_UNUSED_VARIABLE = YES;
				IPHONEOS_DEPLOYMENT_TARGET = 16.1;
				MTL_ENABLE_DEBUG_INFO = INCLUDE_SOURCE;
				MTL_FAST_MATH = YES;
				ONLY_ACTIVE_ARCH = YES;
				SDKROOT = iphoneos;
				SWIFT_ACTIVE_COMPILATION_CONDITIONS = DEBUG;
				SWIFT_OPTIMIZATION_LEVEL = "-Onone";
			};
			name = Debug;
		};
		676B40A129350FBF00E42FA0 /* Release */ = {
			isa = XCBuildConfiguration;
			buildSettings = {
				ALWAYS_SEARCH_USER_PATHS = NO;
				CLANG_ANALYZER_NONNULL = YES;
				CLANG_ANALYZER_NUMBER_OBJECT_CONVERSION = YES_AGGRESSIVE;
				CLANG_CXX_LANGUAGE_STANDARD = "gnu++20";
				CLANG_ENABLE_MODULES = YES;
				CLANG_ENABLE_OBJC_ARC = YES;
				CLANG_ENABLE_OBJC_WEAK = YES;
				CLANG_WARN_BLOCK_CAPTURE_AUTORELEASING = YES;
				CLANG_WARN_BOOL_CONVERSION = YES;
				CLANG_WARN_COMMA = YES;
				CLANG_WARN_CONSTANT_CONVERSION = YES;
				CLANG_WARN_DEPRECATED_OBJC_IMPLEMENTATIONS = YES;
				CLANG_WARN_DIRECT_OBJC_ISA_USAGE = YES_ERROR;
				CLANG_WARN_DOCUMENTATION_COMMENTS = YES;
				CLANG_WARN_EMPTY_BODY = YES;
				CLANG_WARN_ENUM_CONVERSION = YES;
				CLANG_WARN_INFINITE_RECURSION = YES;
				CLANG_WARN_INT_CONVERSION = YES;
				CLANG_WARN_NON_LITERAL_NULL_CONVERSION = YES;
				CLANG_WARN_OBJC_IMPLICIT_RETAIN_SELF = YES;
				CLANG_WARN_OBJC_LITERAL_CONVERSION = YES;
				CLANG_WARN_OBJC_ROOT_CLASS = YES_ERROR;
				CLANG_WARN_QUOTED_INCLUDE_IN_FRAMEWORK_HEADER = YES;
				CLANG_WARN_RANGE_LOOP_ANALYSIS = YES;
				CLANG_WARN_STRICT_PROTOTYPES = YES;
				CLANG_WARN_SUSPICIOUS_MOVE = YES;
				CLANG_WARN_UNGUARDED_AVAILABILITY = YES_AGGRESSIVE;
				CLANG_WARN_UNREACHABLE_CODE = YES;
				CLANG_WARN__DUPLICATE_METHOD_MATCH = YES;
				COPY_PHASE_STRIP = NO;
				DEBUG_INFORMATION_FORMAT = "dwarf-with-dsym";
				ENABLE_NS_ASSERTIONS = NO;
				ENABLE_STRICT_OBJC_MSGSEND = YES;
				GCC_C_LANGUAGE_STANDARD = gnu11;
				GCC_NO_COMMON_BLOCKS = YES;
				GCC_WARN_64_TO_32_BIT_CONVERSION = YES;
				GCC_WARN_ABOUT_RETURN_TYPE = YES_ERROR;
				GCC_WARN_UNDECLARED_SELECTOR = YES;
				GCC_WARN_UNINITIALIZED_AUTOS = YES_AGGRESSIVE;
				GCC_WARN_UNUSED_FUNCTION = YES;
				GCC_WARN_UNUSED_VARIABLE = YES;
				IPHONEOS_DEPLOYMENT_TARGET = 16.1;
				MTL_ENABLE_DEBUG_INFO = NO;
				MTL_FAST_MATH = YES;
				SDKROOT = iphoneos;
				SWIFT_COMPILATION_MODE = wholemodule;
				SWIFT_OPTIMIZATION_LEVEL = "-O";
				VALIDATE_PRODUCT = YES;
			};
			name = Release;
		};
		676B40A329350FBF00E42FA0 /* Debug */ = {
			isa = XCBuildConfiguration;
			buildSettings = {
				ASSETCATALOG_COMPILER_APPICON_NAME = AppIcon;
				ASSETCATALOG_COMPILER_GLOBAL_ACCENT_COLOR_NAME = AccentColor;
				ASSETCATALOG_COMPILER_INCLUDE_ALL_APPICON_ASSETS = NO;
				CODE_SIGN_STYLE = Automatic;
				CURRENT_PROJECT_VERSION = 2;
				DEVELOPMENT_ASSET_PATHS = "\"Fourneau/Preview Content\"";
				DEVELOPMENT_TEAM = 8MKS2M8996;
				ENABLE_PREVIEWS = YES;
				GENERATE_INFOPLIST_FILE = YES;
				INFOPLIST_FILE = Fourneau/Info.plist;
				INFOPLIST_KEY_UIApplicationSceneManifest_Generation = YES;
				INFOPLIST_KEY_UIApplicationSupportsIndirectInputEvents = YES;
				INFOPLIST_KEY_UISupportedInterfaceOrientations_iPad = "UIInterfaceOrientationPortrait UIInterfaceOrientationPortraitUpsideDown UIInterfaceOrientationLandscapeLeft UIInterfaceOrientationLandscapeRight";
				INFOPLIST_KEY_UISupportedInterfaceOrientations_iPhone = "UIInterfaceOrientationPortrait UIInterfaceOrientationLandscapeLeft UIInterfaceOrientationLandscapeRight";
				LD_RUNPATH_SEARCH_PATHS = (
					"$(inherited)",
					"@executable_path/Frameworks",
				);
				MARKETING_VERSION = 1.0;
				PRODUCT_BUNDLE_IDENTIFIER = com.fourneau.Fourneau;
				PRODUCT_NAME = "$(TARGET_NAME)";
				SUPPORTED_PLATFORMS = "iphoneos iphonesimulator";
				SUPPORTS_MACCATALYST = NO;
				SUPPORTS_MAC_DESIGNED_FOR_IPHONE_IPAD = NO;
				SWIFT_EMIT_LOC_STRINGS = YES;
				SWIFT_VERSION = 5.0;
				TARGETED_DEVICE_FAMILY = "1,2";
			};
			name = Debug;
		};
		676B40A429350FBF00E42FA0 /* Release */ = {
			isa = XCBuildConfiguration;
			buildSettings = {
				ASSETCATALOG_COMPILER_APPICON_NAME = AppIcon;
				ASSETCATALOG_COMPILER_GLOBAL_ACCENT_COLOR_NAME = AccentColor;
				ASSETCATALOG_COMPILER_INCLUDE_ALL_APPICON_ASSETS = NO;
				CODE_SIGN_STYLE = Automatic;
				CURRENT_PROJECT_VERSION = 2;
				DEVELOPMENT_ASSET_PATHS = "\"Fourneau/Preview Content\"";
				DEVELOPMENT_TEAM = 8MKS2M8996;
				ENABLE_PREVIEWS = YES;
				GENERATE_INFOPLIST_FILE = YES;
				INFOPLIST_FILE = Fourneau/Info.plist;
				INFOPLIST_KEY_UIApplicationSceneManifest_Generation = YES;
				INFOPLIST_KEY_UIApplicationSupportsIndirectInputEvents = YES;
				INFOPLIST_KEY_UISupportedInterfaceOrientations_iPad = "UIInterfaceOrientationPortrait UIInterfaceOrientationPortraitUpsideDown UIInterfaceOrientationLandscapeLeft UIInterfaceOrientationLandscapeRight";
				INFOPLIST_KEY_UISupportedInterfaceOrientations_iPhone = "UIInterfaceOrientationPortrait UIInterfaceOrientationLandscapeLeft UIInterfaceOrientationLandscapeRight";
				LD_RUNPATH_SEARCH_PATHS = (
					"$(inherited)",
					"@executable_path/Frameworks",
				);
				MARKETING_VERSION = 1.0;
				PRODUCT_BUNDLE_IDENTIFIER = com.fourneau.Fourneau;
				PRODUCT_NAME = "$(TARGET_NAME)";
				SUPPORTED_PLATFORMS = "iphoneos iphonesimulator";
				SUPPORTS_MACCATALYST = NO;
				SUPPORTS_MAC_DESIGNED_FOR_IPHONE_IPAD = NO;
				SWIFT_EMIT_LOC_STRINGS = YES;
				SWIFT_VERSION = 5.0;
				TARGETED_DEVICE_FAMILY = "1,2";
			};
			name = Release;
		};
		676B40A629350FBF00E42FA0 /* Debug */ = {
			isa = XCBuildConfiguration;
			buildSettings = {
				ALWAYS_EMBED_SWIFT_STANDARD_LIBRARIES = YES;
				BUNDLE_LOADER = "$(TEST_HOST)";
				CODE_SIGN_STYLE = Automatic;
				CURRENT_PROJECT_VERSION = 1;
				GENERATE_INFOPLIST_FILE = YES;
				IPHONEOS_DEPLOYMENT_TARGET = 16.1;
				MARKETING_VERSION = 1.0;
				PRODUCT_BUNDLE_IDENTIFIER = com.fourneau.FourneauTests;
				PRODUCT_NAME = "$(TARGET_NAME)";
				SWIFT_EMIT_LOC_STRINGS = NO;
				SWIFT_VERSION = 5.0;
				TARGETED_DEVICE_FAMILY = "1,2";
				TEST_HOST = "$(BUILT_PRODUCTS_DIR)/Fourneau.app/$(BUNDLE_EXECUTABLE_FOLDER_PATH)/Fourneau";
			};
			name = Debug;
		};
		676B40A729350FBF00E42FA0 /* Release */ = {
			isa = XCBuildConfiguration;
			buildSettings = {
				ALWAYS_EMBED_SWIFT_STANDARD_LIBRARIES = YES;
				BUNDLE_LOADER = "$(TEST_HOST)";
				CODE_SIGN_STYLE = Automatic;
				CURRENT_PROJECT_VERSION = 1;
				GENERATE_INFOPLIST_FILE = YES;
				IPHONEOS_DEPLOYMENT_TARGET = 16.1;
				MARKETING_VERSION = 1.0;
				PRODUCT_BUNDLE_IDENTIFIER = com.fourneau.FourneauTests;
				PRODUCT_NAME = "$(TARGET_NAME)";
				SWIFT_EMIT_LOC_STRINGS = NO;
				SWIFT_VERSION = 5.0;
				TARGETED_DEVICE_FAMILY = "1,2";
				TEST_HOST = "$(BUILT_PRODUCTS_DIR)/Fourneau.app/$(BUNDLE_EXECUTABLE_FOLDER_PATH)/Fourneau";
			};
			name = Release;
		};
		676B40A929350FBF00E42FA0 /* Debug */ = {
			isa = XCBuildConfiguration;
			buildSettings = {
				ALWAYS_EMBED_SWIFT_STANDARD_LIBRARIES = YES;
				CODE_SIGN_STYLE = Automatic;
				CURRENT_PROJECT_VERSION = 1;
				GENERATE_INFOPLIST_FILE = YES;
				MARKETING_VERSION = 1.0;
				PRODUCT_BUNDLE_IDENTIFIER = com.fourneau.FourneauUITests;
				PRODUCT_NAME = "$(TARGET_NAME)";
				SWIFT_EMIT_LOC_STRINGS = NO;
				SWIFT_VERSION = 5.0;
				TARGETED_DEVICE_FAMILY = "1,2";
				TEST_TARGET_NAME = Fourneau;
			};
			name = Debug;
		};
		676B40AA29350FBF00E42FA0 /* Release */ = {
			isa = XCBuildConfiguration;
			buildSettings = {
				ALWAYS_EMBED_SWIFT_STANDARD_LIBRARIES = YES;
				CODE_SIGN_STYLE = Automatic;
				CURRENT_PROJECT_VERSION = 1;
				GENERATE_INFOPLIST_FILE = YES;
				MARKETING_VERSION = 1.0;
				PRODUCT_BUNDLE_IDENTIFIER = com.fourneau.FourneauUITests;
				PRODUCT_NAME = "$(TARGET_NAME)";
				SWIFT_EMIT_LOC_STRINGS = NO;
				SWIFT_VERSION = 5.0;
				TARGETED_DEVICE_FAMILY = "1,2";
				TEST_TARGET_NAME = Fourneau;
			};
			name = Release;
		};
/* End XCBuildConfiguration section */

/* Begin XCConfigurationList section */
		676B407929350FBE00E42FA0 /* Build configuration list for PBXProject "Fourneau" */ = {
			isa = XCConfigurationList;
			buildConfigurations = (
				676B40A029350FBF00E42FA0 /* Debug */,
				676B40A129350FBF00E42FA0 /* Release */,
			);
			defaultConfigurationIsVisible = 0;
			defaultConfigurationName = Release;
		};
		676B40A229350FBF00E42FA0 /* Build configuration list for PBXNativeTarget "Fourneau" */ = {
			isa = XCConfigurationList;
			buildConfigurations = (
				676B40A329350FBF00E42FA0 /* Debug */,
				676B40A429350FBF00E42FA0 /* Release */,
			);
			defaultConfigurationIsVisible = 0;
			defaultConfigurationName = Release;
		};
		676B40A529350FBF00E42FA0 /* Build configuration list for PBXNativeTarget "FourneauTests" */ = {
			isa = XCConfigurationList;
			buildConfigurations = (
				676B40A629350FBF00E42FA0 /* Debug */,
				676B40A729350FBF00E42FA0 /* Release */,
			);
			defaultConfigurationIsVisible = 0;
			defaultConfigurationName = Release;
		};
		676B40A829350FBF00E42FA0 /* Build configuration list for PBXNativeTarget "FourneauUITests" */ = {
			isa = XCConfigurationList;
			buildConfigurations = (
				676B40A929350FBF00E42FA0 /* Debug */,
				676B40AA29350FBF00E42FA0 /* Release */,
			);
			defaultConfigurationIsVisible = 0;
			defaultConfigurationName = Release;
		};
/* End XCConfigurationList section */
	};
	rootObject = 676B407629350FBE00E42FA0 /* Project object */;
}
